PODS:
  - Amplitude (8.8.0):
    - AnalyticsConnector (~> 1.0.0)
  - AnalyticsConnector (1.0.0)
  - Capacitor (2.4.7):
    - CapacitorCordova
  - CapacitorCordova (2.4.7)

DEPENDENCIES:
  - Amplitude (= 8.8.0)
  - "Capacitor (from `../node_modules/@capacitor/ios`)"
  - "CapacitorCordova (from `../node_modules/@capacitor/ios`)"

SPEC REPOS:
  trunk:
    - Amplitude
    - AnalyticsConnector

EXTERNAL SOURCES:
  Capacitor:
    :path: "../node_modules/@capacitor/ios"
  CapacitorCordova:
    :path: "../node_modules/@capacitor/ios"

SPEC CHECKSUMS:
  Amplitude: 710116f3539c225e86fb70a8abdcd20015683132
  AnalyticsConnector: 4c386d5972ac9da86e22d668564dbbac97558754
  Capacitor: 4cd7b342d5a15b1f6f333d687358953afd7b2d8b
  CapacitorCordova: 2c9d6e28d9d86c4da087fa2c3537c1841954bb12

PODFILE CHECKSUM: 0aff8e25039577a61ea3ce53e5772730788ef681

COCOAPODS: 1.10.1
